{
  "nodes": {
    "home-manager": {
      "inputs": {
        "nixpkgs": [
          "nixpkgs"
        ]
      },
      "locked": {
        "lastModified": 1784350909,
        "narHash": "sha256-ZWyzLbS1yKUTeFJLmdVuWNnHttL333/ldJbEE+KzCrM=",
        "owner": "nix-community",
        "repo": "home-manager",
        "rev": "4ce190229c73d44536caa7072f6308fb2d8feeb3",
        "type": "github"
      },
      "original": {
        "owner": "nix-community",
        "ref": "release-26.05",
        "repo": "home-manager",
        "type": "github"
      }
    },
    "nix-flatpak": {
      "locked": {
        "lastModified": 1767983141,
        "narHash": "sha256-7ZCulYUD9RmJIDULTRkGLSW1faMpDlPKcbWJLYHoXcs=",
        "owner": "gmodena",
        "repo": "nix-flatpak",
        "rev": "440818969ac2cbd77bfe025e884d0aa528991374",
        "type": "github"
      },
      "original": {
        "owner": "gmodena",
        "ref": "latest",
        "repo": "nix-flatpak",
        "type": "github"
      }
    },
    "nixpkgs": {
      "locked": {
        "lastModified": 1784280462,
        "narHash": "sha256-tdf956RzIg3clDWEZsQrngaEJVxpPNzUsGhVHgGKBj8=",
        "rev": "293d6abedf0478e681a4dfcfcb35b30fc796a32f",
        "type": "tarball",
        "url": "https://releases.nixos.org/nixos/26.05/nixos-26.05.5449.293d6abedf04/nixexprs.tar.xz"
      },
      "original": {
        "id": "nixpkgs",
        "ref": "nixos-26.05",
        "type": "indirect"
      }
    },
    "nixpkgs-frozen": {
      "locked": {
        "lastModified": 1783703440,
        "narHash": "sha256-Zsi7cADZetY+Qqqpp+gi+iD6nv0XrVeHRVL3xNaroKo=",
        "rev": "8f0500b9660505dc3cb647775fe9a978a74b5283",
        "type": "tarball",
        "url": "https://releases.nixos.org/nixos/26.05/nixos-26.05.4659.8f0500b96605/nixexprs.tar.xz"
      },
      "original": {
        "id": "nixpkgs",
        "ref": "nixos-26.05",
        "type": "indirect"
      }
    },
    "root": {
      "inputs": {
        "home-manager": "home-manager",
        "nix-flatpak": "nix-flatpak",
        "nixpkgs": "nixpkgs",
        "nixpkgs-frozen": "nixpkgs-frozen",
        "steamappidlist": "steamappidlist"
      }
    },
    "steamappidlist": {
      "flake": false,
      "locked": {
        "lastModified": 1783738315,
        "narHash": "sha256-Ako2z7sZhrA/ZmkdmKOJ4/ji4C2AUekW5uY3nOp4ldk=",
        "owner": "jsnli",
        "repo": "SteamAppIDList",
        "rev": "0b9281c17cbb9a33a3aa508e4f61a596696c121c",
        "type": "github"
      },
      "original": {
        "owner": "jsnli",
        "repo": "SteamAppIDList",
        "type": "github"
      }
    }
  },
  "root": "root",
  "version": 7
}
