{
  "nodes": {
    "home-manager": {
      "inputs": {
        "nixpkgs": [
          "nixpkgs"
        ]
      },
      "locked": {
        "lastModified": 1717527182,
        "narHash": "sha256-vWSkg6AMok1UUQiSYVdGMOXKD2cDFnajITiSi0Zjd1A=",
        "path": "/nix/store/nmmrgqk822zx9dh02pirg3b0gx6jlk2b-source",
        "rev": "845a5c4c073f74105022533907703441e0464bc3",
        "type": "path"
      },
      "original": {
        "id": "home-manager",
        "type": "indirect"
      }
    },
    "nixpkgs": {
      "locked": {
        "lastModified": 0,
        "narHash": "sha256-US1tAChvPxT52RV8GksWZS415tTS7PV42KTc2PNDBmc=",
        "path": "/nix/store/aa0zsahvyqnvzkicsh29jirm9hwv95pg-source",
        "type": "path"
      },
      "original": {
        "id": "nixpkgs",
        "type": "indirect"
      }
    },
    "root": {
      "inputs": {
        "home-manager": "home-manager",
        "nixpkgs": "nixpkgs"
      }
    }
  },
  "root": "root",
  "version": 7
}
