{
  "nodes": {
    "flake-parts": {
      "inputs": {
        "nixpkgs-lib": [
          "nixvim",
          "nixpkgs"
        ]
      },
      "locked": {
        "lastModified": 1785627969,
        "narHash": "sha256-4dtXQk/NMePegK/nWp5NSeuZKLATItOq61lpEvmXqGw=",
        "owner": "hercules-ci",
        "repo": "flake-parts",
        "rev": "427bf4bd9435fdf21321c8cc628c24efc14c0f7a",
        "type": "github"
      },
      "original": {
        "owner": "hercules-ci",
        "repo": "flake-parts",
        "type": "github"
      }
    },
    "home-manager": {
      "inputs": {
        "nixpkgs": [
          "nixpkgs"
        ]
      },
      "locked": {
        "lastModified": 1787377438,
        "narHash": "sha256-Sxu1NLTD/Ern6hFGLlZmtKCSct3YQXZI/lls8RE1XeM=",
        "owner": "nix-community",
        "repo": "home-manager",
        "rev": "65258d5c65a250189fde2e35f490d15e064c4c62",
        "type": "github"
      },
      "original": {
        "owner": "nix-community",
        "ref": "release-26.05",
        "repo": "home-manager",
        "type": "github"
      }
    },
    "nix-flatpak": {
      "locked": {
        "lastModified": 1767983141,
        "narHash": "sha256-7ZCulYUD9RmJIDULTRkGLSW1faMpDlPKcbWJLYHoXcs=",
        "owner": "gmodena",
        "repo": "nix-flatpak",
        "rev": "440818969ac2cbd77bfe025e884d0aa528991374",
        "type": "github"
      },
      "original": {
        "owner": "gmodena",
        "ref": "latest",
        "repo": "nix-flatpak",
        "type": "github"
      }
    },
    "nixpkgs": {
      "locked": {
        "lastModified": 1787204541,
        "narHash": "sha256-Rb7J0ykni6QA+m5ZC6t5gbBBgkS0xn3bf2fgKpSSbFE=",
        "rev": "5880666fd9eb563038431edb35c2d0aa595884e6",
        "type": "tarball",
        "url": "https://releases.nixos.org/nixos/26.05/nixos-26.05.8111.5880666fd9eb/nixexprs.tar.xz"
      },
      "original": {
        "id": "nixpkgs",
        "ref": "nixos-26.05",
        "type": "indirect"
      }
    },
    "nixpkgs-frozen": {
      "locked": {
        "lastModified": 1787204541,
        "narHash": "sha256-Rb7J0ykni6QA+m5ZC6t5gbBBgkS0xn3bf2fgKpSSbFE=",
        "rev": "5880666fd9eb563038431edb35c2d0aa595884e6",
        "type": "tarball",
        "url": "https://releases.nixos.org/nixos/26.05/nixos-26.05.8111.5880666fd9eb/nixexprs.tar.xz"
      },
      "original": {
        "id": "nixpkgs",
        "ref": "nixos-26.05",
        "type": "indirect"
      }
    },
    "nixvim": {
      "inputs": {
        "flake-parts": "flake-parts",
        "nixpkgs": [
          "nixpkgs"
        ],
        "systems": "systems"
      },
      "locked": {
        "lastModified": 1786873773,
        "narHash": "sha256-Hj/nkhKDv0aJly1PAUstrhrgEYn1mVSkLIYMh90r/Pc=",
        "owner": "nix-community",
        "repo": "nixvim",
        "rev": "b397fb9f6950d57355d62bb92457d223464e0115",
        "type": "github"
      },
      "original": {
        "owner": "nix-community",
        "ref": "nixos-26.05",
        "repo": "nixvim",
        "type": "github"
      }
    },
    "root": {
      "inputs": {
        "home-manager": "home-manager",
        "nix-flatpak": "nix-flatpak",
        "nixpkgs": "nixpkgs",
        "nixpkgs-frozen": "nixpkgs-frozen",
        "nixvim": "nixvim",
        "steamappidlist": "steamappidlist"
      }
    },
    "steamappidlist": {
      "flake": false,
      "locked": {
        "lastModified": 1787361681,
        "narHash": "sha256-DFGkps+1Wqf0yj266ZDmr79LbpRbMVCmR8saKd9Gvxs=",
        "owner": "jsnli",
        "repo": "SteamAppIDList",
        "rev": "42b46f107aaa6fd557cb49e614fbfe41ec343128",
        "type": "github"
      },
      "original": {
        "owner": "jsnli",
        "repo": "SteamAppIDList",
        "type": "github"
      }
    },
    "systems": {
      "locked": {
        "lastModified": 1681028828,
        "narHash": "sha256-Vy1rq5AaRuLzOxct8nz4T6wlgyUR7zLU309k9mBC768=",
        "owner": "nix-systems",
        "repo": "default",
        "rev": "da67096a3b9bf56a91d16901293e51ba5b49a27e",
        "type": "github"
      },
      "original": {
        "owner": "nix-systems",
        "repo": "default",
        "type": "github"
      }
    }
  },
  "root": "root",
  "version": 7
}
